
Microsoft Visual Studio Solution File, Format Version 12.00
# Visual Studio Version 17
VisualStudioVersion = 17.11.35327.3
MinimumVisualStudioVersion = 10.0.40219.1
Project("{FAE04EC0-301F-11D3-BF4B-00C04F79EFBC}") = "Luca_Rut_Fivi_Lab2", "Luca_Rut_Fivi_Lab2.csproj", "{77BA00E1-CF2E-47AC-B06F-145DBA0A6F82}"
EndProject
Global
	GlobalSection(SolutionConfigurationPlatforms) = preSolution
		Debug|Any CPU = Debug|Any CPU
		Release|Any CPU = Release|Any CPU
	EndGlobalSection
	GlobalSection(ProjectConfigurationPlatforms) = postSolution
		{77BA00E1-CF2E-47AC-B06F-145DBA0A6F82}.Debug|Any CPU.ActiveCfg = Debug|Any CPU
		{77BA00E1-CF2E-47AC-B06F-145DBA0A6F82}.Debug|Any CPU.Build.0 = Debug|Any CPU
		{77BA00E1-CF2E-47AC-B06F-145DBA0A6F82}.Release|Any CPU.ActiveCfg = Release|Any CPU
		{77BA00E1-CF2E-47AC-B06F-145DBA0A6F82}.Release|Any CPU.Build.0 = Release|Any CPU
	EndGlobalSection
	GlobalSection(SolutionProperties) = preSolution
		HideSolutionNode = FALSE
	EndGlobalSection
	GlobalSection(ExtensibilityGlobals) = postSolution
		SolutionGuid = {6A5822D2-8EF6-4EA2-BD7F-CDBFB3C8B72F}
	EndGlobalSection
EndGlobal
